
Microsoft Visual Studio Solution File, Format Version 12.00
# Visual Studio 15
VisualStudioVersion = 15.0.28307.421
MinimumVisualStudioVersion = 10.0.40219.1
Project("{FAE04EC0-301F-11D3-BF4B-00C04F79EFBC}") = "AcademySystem", "SolicitacaoSenha\AcademySystem.csproj", "{F2B60B80-DEE4-4398-96FD-73CBAD511EE4}"
EndProject
Project("{FAE04EC0-301F-11D3-BF4B-00C04F79EFBC}") = "NUnitTestProfessor", "NUnitTestProfessor\NUnitTestProfessor.csproj", "{0A2164D2-3A60-4352-8292-981C291255DE}"
EndProject
Global
	GlobalSection(SolutionConfigurationPlatforms) = preSolution
		Debug|Any CPU = Debug|Any CPU
		Release|Any CPU = Release|Any CPU
	EndGlobalSection
	GlobalSection(ProjectConfigurationPlatforms) = postSolution
		{F2B60B80-DEE4-4398-96FD-73CBAD511EE4}.Debug|Any CPU.ActiveCfg = Debug|Any CPU
		{F2B60B80-DEE4-4398-96FD-73CBAD511EE4}.Debug|Any CPU.Build.0 = Debug|Any CPU
		{F2B60B80-DEE4-4398-96FD-73CBAD511EE4}.Release|Any CPU.ActiveCfg = Release|Any CPU
		{F2B60B80-DEE4-4398-96FD-73CBAD511EE4}.Release|Any CPU.Build.0 = Release|Any CPU
		{0A2164D2-3A60-4352-8292-981C291255DE}.Debug|Any CPU.ActiveCfg = Debug|Any CPU
		{0A2164D2-3A60-4352-8292-981C291255DE}.Debug|Any CPU.Build.0 = Debug|Any CPU
		{0A2164D2-3A60-4352-8292-981C291255DE}.Release|Any CPU.ActiveCfg = Release|Any CPU
		{0A2164D2-3A60-4352-8292-981C291255DE}.Release|Any CPU.Build.0 = Release|Any CPU
	EndGlobalSection
	GlobalSection(SolutionProperties) = preSolution
		HideSolutionNode = FALSE
	EndGlobalSection
	GlobalSection(ExtensibilityGlobals) = postSolution
		SolutionGuid = {E8CEF14A-8C86-42A0-8828-AC8CCFF8C971}
	EndGlobalSection
EndGlobal
